
Microsoft Visual Studio Solution File, Format Version 12.00
Project("{FAE04EC0-301F-11D3-BF4B-00C04F79EFBC}") = "Lesson_5Task1", "Lesson_5Task1\Lesson_5Task1.csproj", "{F6BEEE5D-17FB-4126-A119-BAA7E25B9419}"
EndProject
Project("{FAE04EC0-301F-11D3-BF4B-00C04F79EFBC}") = "Lesson_5Task2", "Lesson_5Task2\Lesson_5Task2.csproj", "{0A22B4FF-AD33-42F1-9094-E29925AF0992}"
EndProject
Project("{FAE04EC0-301F-11D3-BF4B-00C04F79EFBC}") = "Lesson_5Lab4", "Lesson_5Lab4\Lesson_5Lab4.csproj", "{3684618B-82AC-4F66-8EDE-1D6FF4EC4C44}"
EndProject
Project("{FAE04EC0-301F-11D3-BF4B-00C04F79EFBC}") = "Lab1", "Lab1\Lab1.csproj", "{F50C0787-216D-4700-A1CB-3FADF41AEB1D}"
EndProject
Project("{FAE04EC0-301F-11D3-BF4B-00C04F79EFBC}") = "Lab2", "Lab2\Lab2.csproj", "{961CD624-9700-4AB6-9E6B-F2F39A460973}"
EndProject
Project("{FAE04EC0-301F-11D3-BF4B-00C04F79EFBC}") = "Lab3", "Lab3\Lab3.csproj", "{F59B7C5A-366D-44E2-80B1-742B642353D9}"
EndProject
Project("{FAE04EC0-301F-11D3-BF4B-00C04F79EFBC}") = "Lab4", "Lab4\Lab4.csproj", "{906C6103-E78C-41B2-8E7F-18C0CA0B515A}"
EndProject
Project("{FAE04EC0-301F-11D3-BF4B-00C04F79EFBC}") = "Lab5", "Lab5\Lab5.csproj", "{32980715-5DCD-47D8-931C-946EF232741B}"
EndProject
Global
	GlobalSection(SolutionConfigurationPlatforms) = preSolution
		Debug|Any CPU = Debug|Any CPU
		Release|Any CPU = Release|Any CPU
	EndGlobalSection
	GlobalSection(ProjectConfigurationPlatforms) = postSolution
		{F6BEEE5D-17FB-4126-A119-BAA7E25B9419}.Debug|Any CPU.ActiveCfg = Debug|Any CPU
		{F6BEEE5D-17FB-4126-A119-BAA7E25B9419}.Debug|Any CPU.Build.0 = Debug|Any CPU
		{F6BEEE5D-17FB-4126-A119-BAA7E25B9419}.Release|Any CPU.ActiveCfg = Release|Any CPU
		{F6BEEE5D-17FB-4126-A119-BAA7E25B9419}.Release|Any CPU.Build.0 = Release|Any CPU
		{0A22B4FF-AD33-42F1-9094-E29925AF0992}.Debug|Any CPU.ActiveCfg = Debug|Any CPU
		{0A22B4FF-AD33-42F1-9094-E29925AF0992}.Debug|Any CPU.Build.0 = Debug|Any CPU
		{0A22B4FF-AD33-42F1-9094-E29925AF0992}.Release|Any CPU.ActiveCfg = Release|Any CPU
		{0A22B4FF-AD33-42F1-9094-E29925AF0992}.Release|Any CPU.Build.0 = Release|Any CPU
		{3684618B-82AC-4F66-8EDE-1D6FF4EC4C44}.Debug|Any CPU.ActiveCfg = Debug|Any CPU
		{3684618B-82AC-4F66-8EDE-1D6FF4EC4C44}.Debug|Any CPU.Build.0 = Debug|Any CPU
		{3684618B-82AC-4F66-8EDE-1D6FF4EC4C44}.Release|Any CPU.ActiveCfg = Release|Any CPU
		{3684618B-82AC-4F66-8EDE-1D6FF4EC4C44}.Release|Any CPU.Build.0 = Release|Any CPU
		{F50C0787-216D-4700-A1CB-3FADF41AEB1D}.Debug|Any CPU.ActiveCfg = Debug|Any CPU
		{F50C0787-216D-4700-A1CB-3FADF41AEB1D}.Debug|Any CPU.Build.0 = Debug|Any CPU
		{F50C0787-216D-4700-A1CB-3FADF41AEB1D}.Release|Any CPU.ActiveCfg = Release|Any CPU
		{F50C0787-216D-4700-A1CB-3FADF41AEB1D}.Release|Any CPU.Build.0 = Release|Any CPU
		{961CD624-9700-4AB6-9E6B-F2F39A460973}.Debug|Any CPU.ActiveCfg = Debug|Any CPU
		{961CD624-9700-4AB6-9E6B-F2F39A460973}.Debug|Any CPU.Build.0 = Debug|Any CPU
		{961CD624-9700-4AB6-9E6B-F2F39A460973}.Release|Any CPU.ActiveCfg = Release|Any CPU
		{961CD624-9700-4AB6-9E6B-F2F39A460973}.Release|Any CPU.Build.0 = Release|Any CPU
		{F59B7C5A-366D-44E2-80B1-742B642353D9}.Debug|Any CPU.ActiveCfg = Debug|Any CPU
		{F59B7C5A-366D-44E2-80B1-742B642353D9}.Debug|Any CPU.Build.0 = Debug|Any CPU
		{F59B7C5A-366D-44E2-80B1-742B642353D9}.Release|Any CPU.ActiveCfg = Release|Any CPU
		{F59B7C5A-366D-44E2-80B1-742B642353D9}.Release|Any CPU.Build.0 = Release|Any CPU
		{906C6103-E78C-41B2-8E7F-18C0CA0B515A}.Debug|Any CPU.ActiveCfg = Debug|Any CPU
		{906C6103-E78C-41B2-8E7F-18C0CA0B515A}.Debug|Any CPU.Build.0 = Debug|Any CPU
		{906C6103-E78C-41B2-8E7F-18C0CA0B515A}.Release|Any CPU.ActiveCfg = Release|Any CPU
		{906C6103-E78C-41B2-8E7F-18C0CA0B515A}.Release|Any CPU.Build.0 = Release|Any CPU
		{32980715-5DCD-47D8-931C-946EF232741B}.Debug|Any CPU.ActiveCfg = Debug|Any CPU
		{32980715-5DCD-47D8-931C-946EF232741B}.Debug|Any CPU.Build.0 = Debug|Any CPU
		{32980715-5DCD-47D8-931C-946EF232741B}.Release|Any CPU.ActiveCfg = Release|Any CPU
		{32980715-5DCD-47D8-931C-946EF232741B}.Release|Any CPU.Build.0 = Release|Any CPU
	EndGlobalSection
EndGlobal
