
Microsoft Visual Studio Solution File, Format Version 12.00
# Visual Studio Version 16
VisualStudioVersion = 16.0.32428.217
MinimumVisualStudioVersion = 10.0.40219.1
Project("{FAE04EC0-301F-11D3-BF4B-00C04F79EFBC}") = "Lab5", "Lab5\Lab5.csproj", "{B173C5CB-428C-4E4A-B947-A57688140F56}"
EndProject
Project("{FAE04EC0-301F-11D3-BF4B-00C04F79EFBC}") = "Lab1", "Lab1\Lab1.csproj", "{923245F7-CF71-4355-844E-904387F7F51D}"
EndProject
Project("{FAE04EC0-301F-11D3-BF4B-00C04F79EFBC}") = "Lab2", "Lab2\Lab2.csproj", "{6DC68D0F-ED12-4DF4-A019-5C2642417164}"
EndProject
Project("{FAE04EC0-301F-11D3-BF4B-00C04F79EFBC}") = "Lab3", "Lab3\Lab3.csproj", "{56B6FB9B-9834-4823-8631-251CBEABFB20}"
EndProject
Project("{FAE04EC0-301F-11D3-BF4B-00C04F79EFBC}") = "Lab4", "Lab4\Lab4.csproj", "{7426147A-17B9-484B-833D-86E206D600BF}"
EndProject
Project("{FAE04EC0-301F-11D3-BF4B-00C04F79EFBC}") = "Lab6", "Lab6\Lab6.csproj", "{AAC6DAA5-A364-433F-A633-DA785C3D4869}"
EndProject
Project("{FAE04EC0-301F-11D3-BF4B-00C04F79EFBC}") = "Lab7", "Lab7\Lab7.csproj", "{3521E9AA-8707-4439-8D53-F727159F4597}"
EndProject
Project("{FAE04EC0-301F-11D3-BF4B-00C04F79EFBC}") = "Lab8", "Lab8\Lab8.csproj", "{FB9C322B-38C8-4423-9962-26842ECE8DBF}"
EndProject
Global
	GlobalSection(SolutionConfigurationPlatforms) = preSolution
		Debug|Any CPU = Debug|Any CPU
		Release|Any CPU = Release|Any CPU
	EndGlobalSection
	GlobalSection(ProjectConfigurationPlatforms) = postSolution
		{B173C5CB-428C-4E4A-B947-A57688140F56}.Debug|Any CPU.ActiveCfg = Debug|Any CPU
		{B173C5CB-428C-4E4A-B947-A57688140F56}.Debug|Any CPU.Build.0 = Debug|Any CPU
		{B173C5CB-428C-4E4A-B947-A57688140F56}.Release|Any CPU.ActiveCfg = Release|Any CPU
		{B173C5CB-428C-4E4A-B947-A57688140F56}.Release|Any CPU.Build.0 = Release|Any CPU
		{923245F7-CF71-4355-844E-904387F7F51D}.Debug|Any CPU.ActiveCfg = Debug|Any CPU
		{923245F7-CF71-4355-844E-904387F7F51D}.Debug|Any CPU.Build.0 = Debug|Any CPU
		{923245F7-CF71-4355-844E-904387F7F51D}.Release|Any CPU.ActiveCfg = Release|Any CPU
		{923245F7-CF71-4355-844E-904387F7F51D}.Release|Any CPU.Build.0 = Release|Any CPU
		{6DC68D0F-ED12-4DF4-A019-5C2642417164}.Debug|Any CPU.ActiveCfg = Debug|Any CPU
		{6DC68D0F-ED12-4DF4-A019-5C2642417164}.Debug|Any CPU.Build.0 = Debug|Any CPU
		{6DC68D0F-ED12-4DF4-A019-5C2642417164}.Release|Any CPU.ActiveCfg = Release|Any CPU
		{6DC68D0F-ED12-4DF4-A019-5C2642417164}.Release|Any CPU.Build.0 = Release|Any CPU
		{56B6FB9B-9834-4823-8631-251CBEABFB20}.Debug|Any CPU.ActiveCfg = Debug|Any CPU
		{56B6FB9B-9834-4823-8631-251CBEABFB20}.Debug|Any CPU.Build.0 = Debug|Any CPU
		{56B6FB9B-9834-4823-8631-251CBEABFB20}.Release|Any CPU.ActiveCfg = Release|Any CPU
		{56B6FB9B-9834-4823-8631-251CBEABFB20}.Release|Any CPU.Build.0 = Release|Any CPU
		{7426147A-17B9-484B-833D-86E206D600BF}.Debug|Any CPU.ActiveCfg = Debug|Any CPU
		{7426147A-17B9-484B-833D-86E206D600BF}.Debug|Any CPU.Build.0 = Debug|Any CPU
		{7426147A-17B9-484B-833D-86E206D600BF}.Release|Any CPU.ActiveCfg = Release|Any CPU
		{7426147A-17B9-484B-833D-86E206D600BF}.Release|Any CPU.Build.0 = Release|Any CPU
		{AAC6DAA5-A364-433F-A633-DA785C3D4869}.Debug|Any CPU.ActiveCfg = Debug|Any CPU
		{AAC6DAA5-A364-433F-A633-DA785C3D4869}.Debug|Any CPU.Build.0 = Debug|Any CPU
		{AAC6DAA5-A364-433F-A633-DA785C3D4869}.Release|Any CPU.ActiveCfg = Release|Any CPU
		{AAC6DAA5-A364-433F-A633-DA785C3D4869}.Release|Any CPU.Build.0 = Release|Any CPU
		{3521E9AA-8707-4439-8D53-F727159F4597}.Debug|Any CPU.ActiveCfg = Debug|Any CPU
		{3521E9AA-8707-4439-8D53-F727159F4597}.Debug|Any CPU.Build.0 = Debug|Any CPU
		{3521E9AA-8707-4439-8D53-F727159F4597}.Release|Any CPU.ActiveCfg = Release|Any CPU
		{3521E9AA-8707-4439-8D53-F727159F4597}.Release|Any CPU.Build.0 = Release|Any CPU
		{FB9C322B-38C8-4423-9962-26842ECE8DBF}.Debug|Any CPU.ActiveCfg = Debug|Any CPU
		{FB9C322B-38C8-4423-9962-26842ECE8DBF}.Debug|Any CPU.Build.0 = Debug|Any CPU
		{FB9C322B-38C8-4423-9962-26842ECE8DBF}.Release|Any CPU.ActiveCfg = Release|Any CPU
		{FB9C322B-38C8-4423-9962-26842ECE8DBF}.Release|Any CPU.Build.0 = Release|Any CPU
	EndGlobalSection
	GlobalSection(SolutionProperties) = preSolution
		HideSolutionNode = FALSE
	EndGlobalSection
	GlobalSection(ExtensibilityGlobals) = postSolution
		SolutionGuid = {39E03290-A243-430B-BE43-438EEEEE72F5}
	EndGlobalSection
EndGlobal
